
Microsoft Visual Studio Solution File, Format Version 12.00
# Visual Studio Version 16
VisualStudioVersion = 16.0.30002.166
MinimumVisualStudioVersion = 10.0.40219.1
Project("{FAE04EC0-301F-11D3-BF4B-00C04F79EFBC}") = "PeachATM", "PeachATM\PeachATM.csproj", "{1F0FEE07-EB06-4297-824A-16F2493DBCC9}"
EndProject
Project("{FAE04EC0-301F-11D3-BF4B-00C04F79EFBC}") = "PeachATMUnitTests", "PeachATMUnitTestz\PeachATMUnitTests.csproj", "{908745FC-1B7C-46EA-B7CB-789407F75F6E}"
EndProject
Global
	GlobalSection(SolutionConfigurationPlatforms) = preSolution
		Debug|Any CPU = Debug|Any CPU
		Release|Any CPU = Release|Any CPU
	EndGlobalSection
	GlobalSection(ProjectConfigurationPlatforms) = postSolution
		{1F0FEE07-EB06-4297-824A-16F2493DBCC9}.Debug|Any CPU.ActiveCfg = Debug|Any CPU
		{1F0FEE07-EB06-4297-824A-16F2493DBCC9}.Debug|Any CPU.Build.0 = Debug|Any CPU
		{1F0FEE07-EB06-4297-824A-16F2493DBCC9}.Release|Any CPU.ActiveCfg = Release|Any CPU
		{1F0FEE07-EB06-4297-824A-16F2493DBCC9}.Release|Any CPU.Build.0 = Release|Any CPU
		{908745FC-1B7C-46EA-B7CB-789407F75F6E}.Debug|Any CPU.ActiveCfg = Debug|Any CPU
		{908745FC-1B7C-46EA-B7CB-789407F75F6E}.Debug|Any CPU.Build.0 = Debug|Any CPU
		{908745FC-1B7C-46EA-B7CB-789407F75F6E}.Release|Any CPU.ActiveCfg = Release|Any CPU
		{908745FC-1B7C-46EA-B7CB-789407F75F6E}.Release|Any CPU.Build.0 = Release|Any CPU
	EndGlobalSection
	GlobalSection(SolutionProperties) = preSolution
		HideSolutionNode = FALSE
	EndGlobalSection
	GlobalSection(ExtensibilityGlobals) = postSolution
		SolutionGuid = {DE150487-849E-4C3D-8B4E-D0274360AFB3}
	EndGlobalSection
EndGlobal
